// !$*UTF8*$!
{
	archiveVersion = 1;
	classes = {
	};
	objectVersion = 56;
	objects = {

/* Begin PBXBuildFile section */
		AF284AAD2B3CFE8800715695 /* AppDelegate.swift in Sources */ = {isa = PBXBuildFile; fileRef = AF284AAC2B3CFE8800715695 /* AppDelegate.swift */; };
		AF284AAF2B3CFE8800715695 /* SceneDelegate.swift in Sources */ = {isa = PBXBuildFile; fileRef = AF284AAE2B3CFE8800715695 /* SceneDelegate.swift */; };
		AF284AB12B3CFE8800715695 /* HomeViewController.swift in Sources */ = {isa = PBXBuildFile; fileRef = AF284AB02B3CFE8800715695 /* HomeViewController.swift */; };
		AF284AB62B3CFE8900715695 /* Assets.xcassets in Resources */ = {isa = PBXBuildFile; fileRef = AF284AB52B3CFE8900715695 /* Assets.xcassets */; };
		AF284AB92B3CFE8900715695 /* LaunchScreen.storyboard in Resources */ = {isa = PBXBuildFile; fileRef = AF284AB72B3CFE8900715695 /* LaunchScreen.storyboard */; };
		AF284AC72B3D01C800715695 /* TabBarViewController.swift in Sources */ = {isa = PBXBuildFile; fileRef = AF284AC62B3D01C800715695 /* TabBarViewController.swift */; };
		AF284AC92B3D021100715695 /* SearchViewController.swift in Sources */ = {isa = PBXBuildFile; fileRef = AF284AC82B3D021100715695 /* SearchViewController.swift */; };
		AF284ACB2B3D023000715695 /* LibraryViewController.swift in Sources */ = {isa = PBXBuildFile; fileRef = AF284ACA2B3D023000715695 /* LibraryViewController.swift */; };
		AF284ACF2B3D02BF00715695 /* AuthViewController.swift in Sources */ = {isa = PBXBuildFile; fileRef = AF284ACE2B3D02BF00715695 /* AuthViewController.swift */; };
		AF284AD12B3D02CF00715695 /* WelcomViewController.swift in Sources */ = {isa = PBXBuildFile; fileRef = AF284AD02B3D02CF00715695 /* WelcomViewController.swift */; };
		AF284AD32B3D02E600715695 /* SettingViewController.swift in Sources */ = {isa = PBXBuildFile; fileRef = AF284AD22B3D02E600715695 /* SettingViewController.swift */; };
		AF284AD52B3D02F600715695 /* ProfileViewController.swift in Sources */ = {isa = PBXBuildFile; fileRef = AF284AD42B3D02F600715695 /* ProfileViewController.swift */; };
		AF284AD72B3D030500715695 /* PlayerViewController.swift in Sources */ = {isa = PBXBuildFile; fileRef = AF284AD62B3D030500715695 /* PlayerViewController.swift */; };
		AF284AD92B3D031300715695 /* PlaylistViewController.swift in Sources */ = {isa = PBXBuildFile; fileRef = AF284AD82B3D031300715695 /* PlaylistViewController.swift */; };
		AF284ADB2B3D032C00715695 /* SearchResultViewController.swift in Sources */ = {isa = PBXBuildFile; fileRef = AF284ADA2B3D032C00715695 /* SearchResultViewController.swift */; };
		AF284ADD2B3D035F00715695 /* AuthManager.swift in Sources */ = {isa = PBXBuildFile; fileRef = AF284ADC2B3D035F00715695 /* AuthManager.swift */; };
		AF284ADF2B3D036F00715695 /* APICaller.swift in Sources */ = {isa = PBXBuildFile; fileRef = AF284ADE2B3D036F00715695 /* APICaller.swift */; };
		AF284AE12B3D038000715695 /* HapticsManager.swift in Sources */ = {isa = PBXBuildFile; fileRef = AF284AE02B3D038000715695 /* HapticsManager.swift */; };
		AF284AE42B3D03A000715695 /* PlayList.swift in Sources */ = {isa = PBXBuildFile; fileRef = AF284AE32B3D03A000715695 /* PlayList.swift */; };
		AF284AE62B3D03B300715695 /* AudioTrack.swift in Sources */ = {isa = PBXBuildFile; fileRef = AF284AE52B3D03B300715695 /* AudioTrack.swift */; };
		AF284AE82B3D03BF00715695 /* Artist.swift in Sources */ = {isa = PBXBuildFile; fileRef = AF284AE72B3D03BF00715695 /* Artist.swift */; };
		AF284AEA2B3D03D900715695 /* UserProfile.swift in Sources */ = {isa = PBXBuildFile; fileRef = AF284AE92B3D03D900715695 /* UserProfile.swift */; };
		AF284AF42B3E716800715695 /* Extentions.swift in Sources */ = {isa = PBXBuildFile; fileRef = AF284AF32B3E716800715695 /* Extentions.swift */; };
/* End PBXBuildFile section */

/* Begin PBXFileReference section */
		AF284AA92B3CFE8800715695 /* Spotify.app */ = {isa = PBXFileReference; explicitFileType = wrapper.application; includeInIndex = 0; path = Spotify.app; sourceTree = BUILT_PRODUCTS_DIR; };
		AF284AAC2B3CFE8800715695 /* AppDelegate.swift */ = {isa = PBXFileReference; lastKnownFileType = sourcecode.swift; path = AppDelegate.swift; sourceTree = "<group>"; };
		AF284AAE2B3CFE8800715695 /* SceneDelegate.swift */ = {isa = PBXFileReference; lastKnownFileType = sourcecode.swift; path = SceneDelegate.swift; sourceTree = "<group>"; };
		AF284AB02B3CFE8800715695 /* HomeViewController.swift */ = {isa = PBXFileReference; lastKnownFileType = sourcecode.swift; path = HomeViewController.swift; sourceTree = "<group>"; };
		AF284AB52B3CFE8900715695 /* Assets.xcassets */ = {isa = PBXFileReference; lastKnownFileType = folder.assetcatalog; path = Assets.xcassets; sourceTree = "<group>"; };
		AF284AB82B3CFE8900715695 /* Base */ = {isa = PBXFileReference; lastKnownFileType = file.storyboard; name = Base; path = Base.lproj/LaunchScreen.storyboard; sourceTree = "<group>"; };
		AF284ABA2B3CFE8900715695 /* Info.plist */ = {isa = PBXFileReference; lastKnownFileType = text.plist.xml; path = Info.plist; sourceTree = "<group>"; };
		AF284AC62B3D01C800715695 /* TabBarViewController.swift */ = {isa = PBXFileReference; lastKnownFileType = sourcecode.swift; path = TabBarViewController.swift; sourceTree = "<group>"; };
		AF284AC82B3D021100715695 /* SearchViewController.swift */ = {isa = PBXFileReference; lastKnownFileType = sourcecode.swift; path = SearchViewController.swift; sourceTree = "<group>"; };
		AF284ACA2B3D023000715695 /* LibraryViewController.swift */ = {isa = PBXFileReference; lastKnownFileType = sourcecode.swift; path = LibraryViewController.swift; sourceTree = "<group>"; };
		AF284ACE2B3D02BF00715695 /* AuthViewController.swift */ = {isa = PBXFileReference; lastKnownFileType = sourcecode.swift; path = AuthViewController.swift; sourceTree = "<group>"; };
		AF284AD02B3D02CF00715695 /* WelcomViewController.swift */ = {isa = PBXFileReference; lastKnownFileType = sourcecode.swift; path = WelcomViewController.swift; sourceTree = "<group>"; };
		AF284AD22B3D02E600715695 /* SettingViewController.swift */ = {isa = PBXFileReference; lastKnownFileType = sourcecode.swift; path = SettingViewController.swift; sourceTree = "<group>"; };
		AF284AD42B3D02F600715695 /* ProfileViewController.swift */ = {isa = PBXFileReference; lastKnownFileType = sourcecode.swift; path = ProfileViewController.swift; sourceTree = "<group>"; };
		AF284AD62B3D030500715695 /* PlayerViewController.swift */ = {isa = PBXFileReference; lastKnownFileType = sourcecode.swift; path = PlayerViewController.swift; sourceTree = "<group>"; };
		AF284AD82B3D031300715695 /* PlaylistViewController.swift */ = {isa = PBXFileReference; lastKnownFileType = sourcecode.swift; path = PlaylistViewController.swift; sourceTree = "<group>"; };
		AF284ADA2B3D032C00715695 /* SearchResultViewController.swift */ = {isa = PBXFileReference; lastKnownFileType = sourcecode.swift; path = SearchResultViewController.swift; sourceTree = "<group>"; };
		AF284ADC2B3D035F00715695 /* AuthManager.swift */ = {isa = PBXFileReference; lastKnownFileType = sourcecode.swift; path = AuthManager.swift; sourceTree = "<group>"; };
		AF284ADE2B3D036F00715695 /* APICaller.swift */ = {isa = PBXFileReference; lastKnownFileType = sourcecode.swift; path = APICaller.swift; sourceTree = "<group>"; };
		AF284AE02B3D038000715695 /* HapticsManager.swift */ = {isa = PBXFileReference; lastKnownFileType = sourcecode.swift; path = HapticsManager.swift; sourceTree = "<group>"; };
		AF284AE32B3D03A000715695 /* PlayList.swift */ = {isa = PBXFileReference; lastKnownFileType = sourcecode.swift; path = PlayList.swift; sourceTree = "<group>"; };
		AF284AE52B3D03B300715695 /* AudioTrack.swift */ = {isa = PBXFileReference; lastKnownFileType = sourcecode.swift; path = AudioTrack.swift; sourceTree = "<group>"; };
		AF284AE72B3D03BF00715695 /* Artist.swift */ = {isa = PBXFileReference; lastKnownFileType = sourcecode.swift; path = Artist.swift; sourceTree = "<group>"; };
		AF284AE92B3D03D900715695 /* UserProfile.swift */ = {isa = PBXFileReference; lastKnownFileType = sourcecode.swift; path = UserProfile.swift; sourceTree = "<group>"; };
		AF284AF32B3E716800715695 /* Extentions.swift */ = {isa = PBXFileReference; lastKnownFileType = sourcecode.swift; path = Extentions.swift; sourceTree = "<group>"; };
/* End PBXFileReference section */

/* Begin PBXFrameworksBuildPhase section */
		AF284AA62B3CFE8800715695 /* Frameworks */ = {
			isa = PBXFrameworksBuildPhase;
			buildActionMask = 2147483647;
			files = (
			);
			runOnlyForDeploymentPostprocessing = 0;
		};
/* End PBXFrameworksBuildPhase section */

/* Begin PBXGroup section */
		AF284AA02B3CFE8800715695 = {
			isa = PBXGroup;
			children = (
				AF284AAB2B3CFE8800715695 /* Spotify */,
				AF284AAA2B3CFE8800715695 /* Products */,
			);
			sourceTree = "<group>";
		};
		AF284AAA2B3CFE8800715695 /* Products */ = {
			isa = PBXGroup;
			children = (
				AF284AA92B3CFE8800715695 /* Spotify.app */,
			);
			name = Products;
			sourceTree = "<group>";
		};
		AF284AAB2B3CFE8800715695 /* Spotify */ = {
			isa = PBXGroup;
			children = (
				AF284AE22B3D039600715695 /* Model */,
				AF284AC52B3CFFBA00715695 /* Controllers */,
				AF284AC42B3CFFB300715695 /* Views */,
				AF284AC32B3CFFAB00715695 /* ViewModels */,
				AF284AC12B3CFF9700715695 /* Managers */,
				AF284AC02B3CFF8600715695 /* Resources */,
				AF284AB72B3CFE8900715695 /* LaunchScreen.storyboard */,
				AF284ABA2B3CFE8900715695 /* Info.plist */,
			);
			path = Spotify;
			sourceTree = "<group>";
		};
		AF284AC02B3CFF8600715695 /* Resources */ = {
			isa = PBXGroup;
			children = (
				AF284AAC2B3CFE8800715695 /* AppDelegate.swift */,
				AF284AAE2B3CFE8800715695 /* SceneDelegate.swift */,
				AF284AB52B3CFE8900715695 /* Assets.xcassets */,
				AF284AF32B3E716800715695 /* Extentions.swift */,
			);
			path = Resources;
			sourceTree = "<group>";
		};
		AF284AC12B3CFF9700715695 /* Managers */ = {
			isa = PBXGroup;
			children = (
				AF284ADC2B3D035F00715695 /* AuthManager.swift */,
				AF284ADE2B3D036F00715695 /* APICaller.swift */,
				AF284AE02B3D038000715695 /* HapticsManager.swift */,
			);
			path = Managers;
			sourceTree = "<group>";
		};
		AF284AC32B3CFFAB00715695 /* ViewModels */ = {
			isa = PBXGroup;
			children = (
			);
			path = ViewModels;
			sourceTree = "<group>";
		};
		AF284AC42B3CFFB300715695 /* Views */ = {
			isa = PBXGroup;
			children = (
			);
			path = Views;
			sourceTree = "<group>";
		};
		AF284AC52B3CFFBA00715695 /* Controllers */ = {
			isa = PBXGroup;
			children = (
				AF284ACD2B3D02A600715695 /* Other */,
				AF284ACC2B3D029F00715695 /* Core */,
			);
			path = Controllers;
			sourceTree = "<group>";
		};
		AF284ACC2B3D029F00715695 /* Core */ = {
			isa = PBXGroup;
			children = (
				AF284AB02B3CFE8800715695 /* HomeViewController.swift */,
				AF284ACA2B3D023000715695 /* LibraryViewController.swift */,
				AF284AC82B3D021100715695 /* SearchViewController.swift */,
				AF284AC62B3D01C800715695 /* TabBarViewController.swift */,
			);
			path = Core;
			sourceTree = "<group>";
		};
		AF284ACD2B3D02A600715695 /* Other */ = {
			isa = PBXGroup;
			children = (
				AF284ACE2B3D02BF00715695 /* AuthViewController.swift */,
				AF284AD02B3D02CF00715695 /* WelcomViewController.swift */,
				AF284AD22B3D02E600715695 /* SettingViewController.swift */,
				AF284AD42B3D02F600715695 /* ProfileViewController.swift */,
				AF284AD62B3D030500715695 /* PlayerViewController.swift */,
				AF284AD82B3D031300715695 /* PlaylistViewController.swift */,
				AF284ADA2B3D032C00715695 /* SearchResultViewController.swift */,
			);
			path = Other;
			sourceTree = "<group>";
		};
		AF284AE22B3D039600715695 /* Model */ = {
			isa = PBXGroup;
			children = (
				AF284AE32B3D03A000715695 /* PlayList.swift */,
				AF284AE52B3D03B300715695 /* AudioTrack.swift */,
				AF284AE72B3D03BF00715695 /* Artist.swift */,
				AF284AE92B3D03D900715695 /* UserProfile.swift */,
			);
			path = Model;
			sourceTree = "<group>";
		};
/* End PBXGroup section */

/* Begin PBXNativeTarget section */
		AF284AA82B3CFE8800715695 /* Spotify */ = {
			isa = PBXNativeTarget;
			buildConfigurationList = AF284ABD2B3CFE8900715695 /* Build configuration list for PBXNativeTarget "Spotify" */;
			buildPhases = (
				AF284AA52B3CFE8800715695 /* Sources */,
				AF284AA62B3CFE8800715695 /* Frameworks */,
				AF284AA72B3CFE8800715695 /* Resources */,
			);
			buildRules = (
			);
			dependencies = (
			);
			name = Spotify;
			productName = Spotify;
			productReference = AF284AA92B3CFE8800715695 /* Spotify.app */;
			productType = "com.apple.product-type.application";
		};
/* End PBXNativeTarget section */

/* Begin PBXProject section */
		AF284AA12B3CFE8800715695 /* Project object */ = {
			isa = PBXProject;
			attributes = {
				BuildIndependentTargetsInParallel = 1;
				LastSwiftUpdateCheck = 1500;
				LastUpgradeCheck = 1500;
				TargetAttributes = {
					AF284AA82B3CFE8800715695 = {
						CreatedOnToolsVersion = 15.0.1;
					};
				};
			};
			buildConfigurationList = AF284AA42B3CFE8800715695 /* Build configuration list for PBXProject "Spotify" */;
			compatibilityVersion = "Xcode 14.0";
			developmentRegion = en;
			hasScannedForEncodings = 0;
			knownRegions = (
				en,
				Base,
			);
			mainGroup = AF284AA02B3CFE8800715695;
			productRefGroup = AF284AAA2B3CFE8800715695 /* Products */;
			projectDirPath = "";
			projectRoot = "";
			targets = (
				AF284AA82B3CFE8800715695 /* Spotify */,
			);
		};
/* End PBXProject section */

/* Begin PBXResourcesBuildPhase section */
		AF284AA72B3CFE8800715695 /* Resources */ = {
			isa = PBXResourcesBuildPhase;
			buildActionMask = 2147483647;
			files = (
				AF284AB92B3CFE8900715695 /* LaunchScreen.storyboard in Resources */,
				AF284AB62B3CFE8900715695 /* Assets.xcassets in Resources */,
			);
			runOnlyForDeploymentPostprocessing = 0;
		};
/* End PBXResourcesBuildPhase section */

/* Begin PBXSourcesBuildPhase section */
		AF284AA52B3CFE8800715695 /* Sources */ = {
			isa = PBXSourcesBuildPhase;
			buildActionMask = 2147483647;
			files = (
				AF284AC92B3D021100715695 /* SearchViewController.swift in Sources */,
				AF284ADD2B3D035F00715695 /* AuthManager.swift in Sources */,
				AF284AC72B3D01C800715695 /* TabBarViewController.swift in Sources */,
				AF284AD52B3D02F600715695 /* ProfileViewController.swift in Sources */,
				AF284AB12B3CFE8800715695 /* HomeViewController.swift in Sources */,
				AF284AD12B3D02CF00715695 /* WelcomViewController.swift in Sources */,
				AF284AE62B3D03B300715695 /* AudioTrack.swift in Sources */,
				AF284AE12B3D038000715695 /* HapticsManager.swift in Sources */,
				AF284ACF2B3D02BF00715695 /* AuthViewController.swift in Sources */,
				AF284AD32B3D02E600715695 /* SettingViewController.swift in Sources */,
				AF284AE42B3D03A000715695 /* PlayList.swift in Sources */,
				AF284AAD2B3CFE8800715695 /* AppDelegate.swift in Sources */,
				AF284AEA2B3D03D900715695 /* UserProfile.swift in Sources */,
				AF284AD92B3D031300715695 /* PlaylistViewController.swift in Sources */,
				AF284AE82B3D03BF00715695 /* Artist.swift in Sources */,
				AF284ACB2B3D023000715695 /* LibraryViewController.swift in Sources */,
				AF284AD72B3D030500715695 /* PlayerViewController.swift in Sources */,
				AF284ADB2B3D032C00715695 /* SearchResultViewController.swift in Sources */,
				AF284ADF2B3D036F00715695 /* APICaller.swift in Sources */,
				AF284AAF2B3CFE8800715695 /* SceneDelegate.swift in Sources */,
				AF284AF42B3E716800715695 /* Extentions.swift in Sources */,
			);
			runOnlyForDeploymentPostprocessing = 0;
		};
/* End PBXSourcesBuildPhase section */

/* Begin PBXVariantGroup section */
		AF284AB72B3CFE8900715695 /* LaunchScreen.storyboard */ = {
			isa = PBXVariantGroup;
			children = (
				AF284AB82B3CFE8900715695 /* Base */,
			);
			name = LaunchScreen.storyboard;
			sourceTree = "<group>";
		};
/* End PBXVariantGroup section */

/* Begin XCBuildConfiguration section */
		AF284ABB2B3CFE8900715695 /* Debug */ = {
			isa = XCBuildConfiguration;
			buildSettings = {
				ALWAYS_SEARCH_USER_PATHS = NO;
				ASSETCATALOG_COMPILER_GENERATE_SWIFT_ASSET_SYMBOL_EXTENSIONS = YES;
				CLANG_ANALYZER_NONNULL = YES;
				CLANG_ANALYZER_NUMBER_OBJECT_CONVERSION = YES_AGGRESSIVE;
				CLANG_CXX_LANGUAGE_STANDARD = "gnu++20";
				CLANG_ENABLE_MODULES = YES;
				CLANG_ENABLE_OBJC_ARC = YES;
				CLANG_ENABLE_OBJC_WEAK = YES;
				CLANG_WARN_BLOCK_CAPTURE_AUTORELEASING = YES;
				CLANG_WARN_BOOL_CONVERSION = YES;
				CLANG_WARN_COMMA = YES;
				CLANG_WARN_CONSTANT_CONVERSION = YES;
				CLANG_WARN_DEPRECATED_OBJC_IMPLEMENTATIONS = YES;
				CLANG_WARN_DIRECT_OBJC_ISA_USAGE = YES_ERROR;
				CLANG_WARN_DOCUMENTATION_COMMENTS = YES;
				CLANG_WARN_EMPTY_BODY = YES;
				CLANG_WARN_ENUM_CONVERSION = YES;
				CLANG_WARN_INFINITE_RECURSION = YES;
				CLANG_WARN_INT_CONVERSION = YES;
				CLANG_WARN_NON_LITERAL_NULL_CONVERSION = YES;
				CLANG_WARN_OBJC_IMPLICIT_RETAIN_SELF = YES;
				CLANG_WARN_OBJC_LITERAL_CONVERSION = YES;
				CLANG_WARN_OBJC_ROOT_CLASS = YES_ERROR;
				CLANG_WARN_QUOTED_INCLUDE_IN_FRAMEWORK_HEADER = YES;
				CLANG_WARN_RANGE_LOOP_ANALYSIS = YES;
				CLANG_WARN_STRICT_PROTOTYPES = YES;
				CLANG_WARN_SUSPICIOUS_MOVE = YES;
				CLANG_WARN_UNGUARDED_AVAILABILITY = YES_AGGRESSIVE;
				CLANG_WARN_UNREACHABLE_CODE = YES;
				CLANG_WARN__DUPLICATE_METHOD_MATCH = YES;
				COPY_PHASE_STRIP = NO;
				DEBUG_INFORMATION_FORMAT = dwarf;
				ENABLE_STRICT_OBJC_MSGSEND = YES;
				ENABLE_TESTABILITY = YES;
				ENABLE_USER_SCRIPT_SANDBOXING = YES;
				GCC_C_LANGUAGE_STANDARD = gnu17;
				GCC_DYNAMIC_NO_PIC = NO;
				GCC_NO_COMMON_BLOCKS = YES;
				GCC_OPTIMIZATION_LEVEL = 0;
				GCC_PREPROCESSOR_DEFINITIONS = (
					"DEBUG=1",
					"$(inherited)",
				);
				GCC_WARN_64_TO_32_BIT_CONVERSION = YES;
				GCC_WARN_ABOUT_RETURN_TYPE = YES_ERROR;
				GCC_WARN_UNDECLARED_SELECTOR = YES;
				GCC_WARN_UNINITIALIZED_AUTOS = YES_AGGRESSIVE;
				GCC_WARN_UNUSED_FUNCTION = YES;
				GCC_WARN_UNUSED_VARIABLE = YES;
				IPHONEOS_DEPLOYMENT_TARGET = 17.0;
				LOCALIZATION_PREFERS_STRING_CATALOGS = YES;
				MTL_ENABLE_DEBUG_INFO = INCLUDE_SOURCE;
				MTL_FAST_MATH = YES;
				ONLY_ACTIVE_ARCH = YES;
				SDKROOT = iphoneos;
				SWIFT_ACTIVE_COMPILATION_CONDITIONS = "DEBUG $(inherited)";
				SWIFT_OPTIMIZATION_LEVEL = "-Onone";
			};
			name = Debug;
		};
		AF284ABC2B3CFE8900715695 /* Release */ = {
			isa = XCBuildConfiguration;
			buildSettings = {
				ALWAYS_SEARCH_USER_PATHS = NO;
				ASSETCATALOG_COMPILER_GENERATE_SWIFT_ASSET_SYMBOL_EXTENSIONS = YES;
				CLANG_ANALYZER_NONNULL = YES;
				CLANG_ANALYZER_NUMBER_OBJECT_CONVERSION = YES_AGGRESSIVE;
				CLANG_CXX_LANGUAGE_STANDARD = "gnu++20";
				CLANG_ENABLE_MODULES = YES;
				CLANG_ENABLE_OBJC_ARC = YES;
				CLANG_ENABLE_OBJC_WEAK = YES;
				CLANG_WARN_BLOCK_CAPTURE_AUTORELEASING = YES;
				CLANG_WARN_BOOL_CONVERSION = YES;
				CLANG_WARN_COMMA = YES;
				CLANG_WARN_CONSTANT_CONVERSION = YES;
				CLANG_WARN_DEPRECATED_OBJC_IMPLEMENTATIONS = YES;
				CLANG_WARN_DIRECT_OBJC_ISA_USAGE = YES_ERROR;
				CLANG_WARN_DOCUMENTATION_COMMENTS = YES;
				CLANG_WARN_EMPTY_BODY = YES;
				CLANG_WARN_ENUM_CONVERSION = YES;
				CLANG_WARN_INFINITE_RECURSION = YES;
				CLANG_WARN_INT_CONVERSION = YES;
				CLANG_WARN_NON_LITERAL_NULL_CONVERSION = YES;
				CLANG_WARN_OBJC_IMPLICIT_RETAIN_SELF = YES;
				CLANG_WARN_OBJC_LITERAL_CONVERSION = YES;
				CLANG_WARN_OBJC_ROOT_CLASS = YES_ERROR;
				CLANG_WARN_QUOTED_INCLUDE_IN_FRAMEWORK_HEADER = YES;
				CLANG_WARN_RANGE_LOOP_ANALYSIS = YES;
				CLANG_WARN_STRICT_PROTOTYPES = YES;
				CLANG_WARN_SUSPICIOUS_MOVE = YES;
				CLANG_WARN_UNGUARDED_AVAILABILITY = YES_AGGRESSIVE;
				CLANG_WARN_UNREACHABLE_CODE = YES;
				CLANG_WARN__DUPLICATE_METHOD_MATCH = YES;
				COPY_PHASE_STRIP = NO;
				DEBUG_INFORMATION_FORMAT = "dwarf-with-dsym";
				ENABLE_NS_ASSERTIONS = NO;
				ENABLE_STRICT_OBJC_MSGSEND = YES;
				ENABLE_USER_SCRIPT_SANDBOXING = YES;
				GCC_C_LANGUAGE_STANDARD = gnu17;
				GCC_NO_COMMON_BLOCKS = YES;
				GCC_WARN_64_TO_32_BIT_CONVERSION = YES;
				GCC_WARN_ABOUT_RETURN_TYPE = YES_ERROR;
				GCC_WARN_UNDECLARED_SELECTOR = YES;
				GCC_WARN_UNINITIALIZED_AUTOS = YES_AGGRESSIVE;
				GCC_WARN_UNUSED_FUNCTION = YES;
				GCC_WARN_UNUSED_VARIABLE = YES;
				IPHONEOS_DEPLOYMENT_TARGET = 17.0;
				LOCALIZATION_PREFERS_STRING_CATALOGS = YES;
				MTL_ENABLE_DEBUG_INFO = NO;
				MTL_FAST_MATH = YES;
				SDKROOT = iphoneos;
				SWIFT_COMPILATION_MODE = wholemodule;
				VALIDATE_PRODUCT = YES;
			};
			name = Release;
		};
		AF284ABE2B3CFE8900715695 /* Debug */ = {
			isa = XCBuildConfiguration;
			buildSettings = {
				ASSETCATALOG_COMPILER_APPICON_NAME = AppIcon;
				ASSETCATALOG_COMPILER_GLOBAL_ACCENT_COLOR_NAME = AccentColor;
				CODE_SIGN_STYLE = Automatic;
				CURRENT_PROJECT_VERSION = 1;
				DEVELOPMENT_TEAM = SXHBS4Q37N;
				GENERATE_INFOPLIST_FILE = YES;
				INFOPLIST_FILE = Spotify/Info.plist;
				INFOPLIST_KEY_UIApplicationSupportsIndirectInputEvents = YES;
				INFOPLIST_KEY_UILaunchStoryboardName = LaunchScreen;
				INFOPLIST_KEY_UIMainStoryboardFile = "";
				INFOPLIST_KEY_UISupportedInterfaceOrientations_iPad = "UIInterfaceOrientationPortrait UIInterfaceOrientationPortraitUpsideDown UIInterfaceOrientationLandscapeLeft UIInterfaceOrientationLandscapeRight";
				INFOPLIST_KEY_UISupportedInterfaceOrientations_iPhone = "UIInterfaceOrientationPortrait UIInterfaceOrientationLandscapeLeft UIInterfaceOrientationLandscapeRight";
				LD_RUNPATH_SEARCH_PATHS = (
					"$(inherited)",
					"@executable_path/Frameworks",
				);
				MARKETING_VERSION = 1.0;
				PRODUCT_BUNDLE_IDENTIFIER = shwaaaa.Spotify;
				PRODUCT_NAME = "$(TARGET_NAME)";
				SWIFT_EMIT_LOC_STRINGS = YES;
				SWIFT_VERSION = 5.0;
				TARGETED_DEVICE_FAMILY = "1,2";
			};
			name = Debug;
		};
		AF284ABF2B3CFE8900715695 /* Release */ = {
			isa = XCBuildConfiguration;
			buildSettings = {
				ASSETCATALOG_COMPILER_APPICON_NAME = AppIcon;
				ASSETCATALOG_COMPILER_GLOBAL_ACCENT_COLOR_NAME = AccentColor;
				CODE_SIGN_STYLE = Automatic;
				CURRENT_PROJECT_VERSION = 1;
				DEVELOPMENT_TEAM = SXHBS4Q37N;
				GENERATE_INFOPLIST_FILE = YES;
				INFOPLIST_FILE = Spotify/Info.plist;
				INFOPLIST_KEY_UIApplicationSupportsIndirectInputEvents = YES;
				INFOPLIST_KEY_UILaunchStoryboardName = LaunchScreen;
				INFOPLIST_KEY_UIMainStoryboardFile = "";
				INFOPLIST_KEY_UISupportedInterfaceOrientations_iPad = "UIInterfaceOrientationPortrait UIInterfaceOrientationPortraitUpsideDown UIInterfaceOrientationLandscapeLeft UIInterfaceOrientationLandscapeRight";
				INFOPLIST_KEY_UISupportedInterfaceOrientations_iPhone = "UIInterfaceOrientationPortrait UIInterfaceOrientationLandscapeLeft UIInterfaceOrientationLandscapeRight";
				LD_RUNPATH_SEARCH_PATHS = (
					"$(inherited)",
					"@executable_path/Frameworks",
				);
				MARKETING_VERSION = 1.0;
				PRODUCT_BUNDLE_IDENTIFIER = shwaaaa.Spotify;
				PRODUCT_NAME = "$(TARGET_NAME)";
				SWIFT_EMIT_LOC_STRINGS = YES;
				SWIFT_VERSION = 5.0;
				TARGETED_DEVICE_FAMILY = "1,2";
			};
			name = Release;
		};
/* End XCBuildConfiguration section */

/* Begin XCConfigurationList section */
		AF284AA42B3CFE8800715695 /* Build configuration list for PBXProject "Spotify" */ = {
			isa = XCConfigurationList;
			buildConfigurations = (
				AF284ABB2B3CFE8900715695 /* Debug */,
				AF284ABC2B3CFE8900715695 /* Release */,
			);
			defaultConfigurationIsVisible = 0;
			defaultConfigurationName = Release;
		};
		AF284ABD2B3CFE8900715695 /* Build configuration list for PBXNativeTarget "Spotify" */ = {
			isa = XCConfigurationList;
			buildConfigurations = (
				AF284ABE2B3CFE8900715695 /* Debug */,
				AF284ABF2B3CFE8900715695 /* Release */,
			);
			defaultConfigurationIsVisible = 0;
			defaultConfigurationName = Release;
		};
/* End XCConfigurationList section */
	};
	rootObject = AF284AA12B3CFE8800715695 /* Project object */;
}
